// !$*UTF8*$!
{
	archiveVersion = 1;
	classes = {
	};
	objectVersion = 77;
	objects = {

/* Begin PBXContainerItemProxy section */
		A855F35B2CB3145A00A2B435 /* PBXContainerItemProxy */ = {
			isa = PBXContainerItemProxy;
			containerPortal = A855F3412CB3145900A2B435 /* Project object */;
			proxyType = 1;
			remoteGlobalIDString = A855F3482CB3145900A2B435;
			remoteInfo = SwiftUIDownloader;
		};
		A855F3652CB3145A00A2B435 /* PBXContainerItemProxy */ = {
			isa = PBXContainerItemProxy;
			containerPortal = A855F3412CB3145900A2B435 /* Project object */;
			proxyType = 1;
			remoteGlobalIDString = A855F3482CB3145900A2B435;
			remoteInfo = SwiftUIDownloader;
		};
/* End PBXContainerItemProxy section */

/* Begin PBXFileReference section */
		A855F3492CB3145900A2B435 /* SwiftUIDownloader.app */ = {isa = PBXFileReference; explicitFileType = wrapper.application; includeInIndex = 0; path = SwiftUIDownloader.app; sourceTree = BUILT_PRODUCTS_DIR; };
		A855F35A2CB3145A00A2B435 /* SwiftUIDownloaderTests.xctest */ = {isa = PBXFileReference; explicitFileType = wrapper.cfbundle; includeInIndex = 0; path = SwiftUIDownloaderTests.xctest; sourceTree = BUILT_PRODUCTS_DIR; };
		A855F3642CB3145A00A2B435 /* SwiftUIDownloaderUITests.xctest */ = {isa = PBXFileReference; explicitFileType = wrapper.cfbundle; includeInIndex = 0; path = SwiftUIDownloaderUITests.xctest; sourceTree = BUILT_PRODUCTS_DIR; };
		A8E693E12CB544AB00333221 /* .gitignore */ = {isa = PBXFileReference; lastKnownFileType = text; path = .gitignore; sourceTree = "<group>"; };
		A8E693E22CB544AB00333221 /* .swiftlint.yml */ = {isa = PBXFileReference; lastKnownFileType = text.yaml; path = .swiftlint.yml; sourceTree = "<group>"; };
		A8E693E32CB544AB00333221 /* LICENSE */ = {isa = PBXFileReference; lastKnownFileType = text; path = LICENSE; sourceTree = "<group>"; };
		A8E693E42CB544AB00333221 /* README.md */ = {isa = PBXFileReference; lastKnownFileType = net.daringfireball.markdown; path = README.md; sourceTree = "<group>"; };
/* End PBXFileReference section */

/* Begin PBXFileSystemSynchronizedBuildFileExceptionSet section */
		A855F4212CB464D200A2B435 /* Exceptions for "SwiftUIDownloader" folder in "SwiftUIDownloader" target */ = {
			isa = PBXFileSystemSynchronizedBuildFileExceptionSet;
			membershipExceptions = (
				Info.plist,
			);
			target = A855F3482CB3145900A2B435 /* SwiftUIDownloader */;
		};
/* End PBXFileSystemSynchronizedBuildFileExceptionSet section */

/* Begin PBXFileSystemSynchronizedRootGroup section */
		A855F34B2CB3145900A2B435 /* SwiftUIDownloader */ = {
			isa = PBXFileSystemSynchronizedRootGroup;
			exceptions = (
				A855F4212CB464D200A2B435 /* Exceptions for "SwiftUIDownloader" folder in "SwiftUIDownloader" target */,
			);
			path = SwiftUIDownloader;
			sourceTree = "<group>";
		};
		A855F35D2CB3145A00A2B435 /* SwiftUIDownloaderTests */ = {
			isa = PBXFileSystemSynchronizedRootGroup;
			path = SwiftUIDownloaderTests;
			sourceTree = "<group>";
		};
		A855F3672CB3145A00A2B435 /* SwiftUIDownloaderUITests */ = {
			isa = PBXFileSystemSynchronizedRootGroup;
			path = SwiftUIDownloaderUITests;
			sourceTree = "<group>";
		};
/* End PBXFileSystemSynchronizedRootGroup section */

/* Begin PBXFrameworksBuildPhase section */
		A855F3462CB3145900A2B435 /* Frameworks */ = {
			isa = PBXFrameworksBuildPhase;
			buildActionMask = 2147483647;
			files = (
			);
			runOnlyForDeploymentPostprocessing = 0;
		};
		A855F3572CB3145A00A2B435 /* Frameworks */ = {
			isa = PBXFrameworksBuildPhase;
			buildActionMask = 2147483647;
			files = (
			);
			runOnlyForDeploymentPostprocessing = 0;
		};
		A855F3612CB3145A00A2B435 /* Frameworks */ = {
			isa = PBXFrameworksBuildPhase;
			buildActionMask = 2147483647;
			files = (
			);
			runOnlyForDeploymentPostprocessing = 0;
		};
/* End PBXFrameworksBuildPhase section */

/* Begin PBXGroup section */
		A855F3402CB3145900A2B435 = {
			isa = PBXGroup;
			children = (
				A8E693E12CB544AB00333221 /* .gitignore */,
				A8E693E22CB544AB00333221 /* .swiftlint.yml */,
				A8E693E32CB544AB00333221 /* LICENSE */,
				A8E693E42CB544AB00333221 /* README.md */,
				A855F34B2CB3145900A2B435 /* SwiftUIDownloader */,
				A855F35D2CB3145A00A2B435 /* SwiftUIDownloaderTests */,
				A855F3672CB3145A00A2B435 /* SwiftUIDownloaderUITests */,
				A855F34A2CB3145900A2B435 /* Products */,
			);
			sourceTree = "<group>";
		};
		A855F34A2CB3145900A2B435 /* Products */ = {
			isa = PBXGroup;
			children = (
				A855F3492CB3145900A2B435 /* SwiftUIDownloader.app */,
				A855F35A2CB3145A00A2B435 /* SwiftUIDownloaderTests.xctest */,
				A855F3642CB3145A00A2B435 /* SwiftUIDownloaderUITests.xctest */,
			);
			name = Products;
			sourceTree = "<group>";
		};
/* End PBXGroup section */

/* Begin PBXNativeTarget section */
		A855F3482CB3145900A2B435 /* SwiftUIDownloader */ = {
			isa = PBXNativeTarget;
			buildConfigurationList = A855F36E2CB3145A00A2B435 /* Build configuration list for PBXNativeTarget "SwiftUIDownloader" */;
			buildPhases = (
				A855F3452CB3145900A2B435 /* Sources */,
				A855F3462CB3145900A2B435 /* Frameworks */,
				A855F3472CB3145900A2B435 /* Resources */,
			);
			buildRules = (
			);
			dependencies = (
				A855F3892CB31B4500A2B435 /* PBXTargetDependency */,
			);
			fileSystemSynchronizedGroups = (
				A855F34B2CB3145900A2B435 /* SwiftUIDownloader */,
			);
			name = SwiftUIDownloader;
			packageProductDependencies = (
			);
			productName = SwiftUIDownloader;
			productReference = A855F3492CB3145900A2B435 /* SwiftUIDownloader.app */;
			productType = "com.apple.product-type.application";
		};
		A855F3592CB3145A00A2B435 /* SwiftUIDownloaderTests */ = {
			isa = PBXNativeTarget;
			buildConfigurationList = A855F3712CB3145A00A2B435 /* Build configuration list for PBXNativeTarget "SwiftUIDownloaderTests" */;
			buildPhases = (
				A855F3562CB3145A00A2B435 /* Sources */,
				A855F3572CB3145A00A2B435 /* Frameworks */,
				A855F3582CB3145A00A2B435 /* Resources */,
			);
			buildRules = (
			);
			dependencies = (
				A855F35C2CB3145A00A2B435 /* PBXTargetDependency */,
			);
			fileSystemSynchronizedGroups = (
				A855F35D2CB3145A00A2B435 /* SwiftUIDownloaderTests */,
			);
			name = SwiftUIDownloaderTests;
			packageProductDependencies = (
			);
			productName = SwiftUIDownloaderTests;
			productReference = A855F35A2CB3145A00A2B435 /* SwiftUIDownloaderTests.xctest */;
			productType = "com.apple.product-type.bundle.unit-test";
		};
		A855F3632CB3145A00A2B435 /* SwiftUIDownloaderUITests */ = {
			isa = PBXNativeTarget;
			buildConfigurationList = A855F3742CB3145A00A2B435 /* Build configuration list for PBXNativeTarget "SwiftUIDownloaderUITests" */;
			buildPhases = (
				A855F3602CB3145A00A2B435 /* Sources */,
				A855F3612CB3145A00A2B435 /* Frameworks */,
				A855F3622CB3145A00A2B435 /* Resources */,
			);
			buildRules = (
			);
			dependencies = (
				A855F3662CB3145A00A2B435 /* PBXTargetDependency */,
			);
			fileSystemSynchronizedGroups = (
				A855F3672CB3145A00A2B435 /* SwiftUIDownloaderUITests */,
			);
			name = SwiftUIDownloaderUITests;
			packageProductDependencies = (
			);
			productName = SwiftUIDownloaderUITests;
			productReference = A855F3642CB3145A00A2B435 /* SwiftUIDownloaderUITests.xctest */;
			productType = "com.apple.product-type.bundle.ui-testing";
		};
/* End PBXNativeTarget section */

/* Begin PBXProject section */
		A855F3412CB3145900A2B435 /* Project object */ = {
			isa = PBXProject;
			attributes = {
				BuildIndependentTargetsInParallel = 1;
				LastSwiftUpdateCheck = 1600;
				LastUpgradeCheck = 1600;
				TargetAttributes = {
					A855F3482CB3145900A2B435 = {
						CreatedOnToolsVersion = 16.0;
					};
					A855F3592CB3145A00A2B435 = {
						CreatedOnToolsVersion = 16.0;
						TestTargetID = A855F3482CB3145900A2B435;
					};
					A855F3632CB3145A00A2B435 = {
						CreatedOnToolsVersion = 16.0;
						TestTargetID = A855F3482CB3145900A2B435;
					};
				};
			};
			buildConfigurationList = A855F3442CB3145900A2B435 /* Build configuration list for PBXProject "SwiftUIDownloader" */;
			developmentRegion = en;
			hasScannedForEncodings = 0;
			knownRegions = (
				en,
				Base,
			);
			mainGroup = A855F3402CB3145900A2B435;
			minimizedProjectReferenceProxies = 1;
			packageReferences = (
				A855F3772CB31A8800A2B435 /* XCRemoteSwiftPackageReference "SwiftLint" */,
			);
			preferredProjectObjectVersion = 77;
			productRefGroup = A855F34A2CB3145900A2B435 /* Products */;
			projectDirPath = "";
			projectRoot = "";
			targets = (
				A855F3482CB3145900A2B435 /* SwiftUIDownloader */,
				A855F3592CB3145A00A2B435 /* SwiftUIDownloaderTests */,
				A855F3632CB3145A00A2B435 /* SwiftUIDownloaderUITests */,
			);
		};
/* End PBXProject section */

/* Begin PBXResourcesBuildPhase section */
		A855F3472CB3145900A2B435 /* Resources */ = {
			isa = PBXResourcesBuildPhase;
			buildActionMask = 2147483647;
			files = (
			);
			runOnlyForDeploymentPostprocessing = 0;
		};
		A855F3582CB3145A00A2B435 /* Resources */ = {
			isa = PBXResourcesBuildPhase;
			buildActionMask = 2147483647;
			files = (
			);
			runOnlyForDeploymentPostprocessing = 0;
		};
		A855F3622CB3145A00A2B435 /* Resources */ = {
			isa = PBXResourcesBuildPhase;
			buildActionMask = 2147483647;
			files = (
			);
			runOnlyForDeploymentPostprocessing = 0;
		};
/* End PBXResourcesBuildPhase section */

/* Begin PBXSourcesBuildPhase section */
		A855F3452CB3145900A2B435 /* Sources */ = {
			isa = PBXSourcesBuildPhase;
			buildActionMask = 2147483647;
			files = (
			);
			runOnlyForDeploymentPostprocessing = 0;
		};
		A855F3562CB3145A00A2B435 /* Sources */ = {
			isa = PBXSourcesBuildPhase;
			buildActionMask = 2147483647;
			files = (
			);
			runOnlyForDeploymentPostprocessing = 0;
		};
		A855F3602CB3145A00A2B435 /* Sources */ = {
			isa = PBXSourcesBuildPhase;
			buildActionMask = 2147483647;
			files = (
			);
			runOnlyForDeploymentPostprocessing = 0;
		};
/* End PBXSourcesBuildPhase section */

/* Begin PBXTargetDependency section */
		A855F35C2CB3145A00A2B435 /* PBXTargetDependency */ = {
			isa = PBXTargetDependency;
			target = A855F3482CB3145900A2B435 /* SwiftUIDownloader */;
			targetProxy = A855F35B2CB3145A00A2B435 /* PBXContainerItemProxy */;
		};
		A855F3662CB3145A00A2B435 /* PBXTargetDependency */ = {
			isa = PBXTargetDependency;
			target = A855F3482CB3145900A2B435 /* SwiftUIDownloader */;
			targetProxy = A855F3652CB3145A00A2B435 /* PBXContainerItemProxy */;
		};
		A855F3892CB31B4500A2B435 /* PBXTargetDependency */ = {
			isa = PBXTargetDependency;
			productRef = A855F3882CB31B4500A2B435 /* SwiftLintBuildToolPlugin */;
		};
/* End PBXTargetDependency section */

/* Begin XCBuildConfiguration section */
		A855F36C2CB3145A00A2B435 /* Debug */ = {
			isa = XCBuildConfiguration;
			buildSettings = {
				ALWAYS_SEARCH_USER_PATHS = NO;
				ASSETCATALOG_COMPILER_GENERATE_SWIFT_ASSET_SYMBOL_EXTENSIONS = YES;
				CLANG_ANALYZER_NONNULL = YES;
				CLANG_ANALYZER_NUMBER_OBJECT_CONVERSION = YES_AGGRESSIVE;
				CLANG_CXX_LANGUAGE_STANDARD = "gnu++20";
				CLANG_ENABLE_MODULES = YES;
				CLANG_ENABLE_OBJC_ARC = YES;
				CLANG_ENABLE_OBJC_WEAK = YES;
				CLANG_WARN_BLOCK_CAPTURE_AUTORELEASING = YES;
				CLANG_WARN_BOOL_CONVERSION = YES;
				CLANG_WARN_COMMA = YES;
				CLANG_WARN_CONSTANT_CONVERSION = YES;
				CLANG_WARN_DEPRECATED_OBJC_IMPLEMENTATIONS = YES;
				CLANG_WARN_DIRECT_OBJC_ISA_USAGE = YES_ERROR;
				CLANG_WARN_DOCUMENTATION_COMMENTS = YES;
				CLANG_WARN_EMPTY_BODY = YES;
				CLANG_WARN_ENUM_CONVERSION = YES;
				CLANG_WARN_INFINITE_RECURSION = YES;
				CLANG_WARN_INT_CONVERSION = YES;
				CLANG_WARN_NON_LITERAL_NULL_CONVERSION = YES;
				CLANG_WARN_OBJC_IMPLICIT_RETAIN_SELF = YES;
				CLANG_WARN_OBJC_LITERAL_CONVERSION = YES;
				CLANG_WARN_OBJC_ROOT_CLASS = YES_ERROR;
				CLANG_WARN_QUOTED_INCLUDE_IN_FRAMEWORK_HEADER = YES;
				CLANG_WARN_RANGE_LOOP_ANALYSIS = YES;
				CLANG_WARN_STRICT_PROTOTYPES = YES;
				CLANG_WARN_SUSPICIOUS_MOVE = YES;
				CLANG_WARN_UNGUARDED_AVAILABILITY = YES_AGGRESSIVE;
				CLANG_WARN_UNREACHABLE_CODE = YES;
				CLANG_WARN__DUPLICATE_METHOD_MATCH = YES;
				COPY_PHASE_STRIP = NO;
				DEBUG_INFORMATION_FORMAT = dwarf;
				ENABLE_STRICT_OBJC_MSGSEND = YES;
				ENABLE_TESTABILITY = YES;
				ENABLE_USER_SCRIPT_SANDBOXING = YES;
				GCC_C_LANGUAGE_STANDARD = gnu17;
				GCC_DYNAMIC_NO_PIC = NO;
				GCC_NO_COMMON_BLOCKS = YES;
				GCC_OPTIMIZATION_LEVEL = 0;
				GCC_PREPROCESSOR_DEFINITIONS = (
					"DEBUG=1",
					"$(inherited)",
				);
				GCC_WARN_64_TO_32_BIT_CONVERSION = YES;
				GCC_WARN_ABOUT_RETURN_TYPE = YES_ERROR;
				GCC_WARN_UNDECLARED_SELECTOR = YES;
				GCC_WARN_UNINITIALIZED_AUTOS = YES_AGGRESSIVE;
				GCC_WARN_UNUSED_FUNCTION = YES;
				GCC_WARN_UNUSED_VARIABLE = YES;
				LOCALIZATION_PREFERS_STRING_CATALOGS = YES;
				MTL_ENABLE_DEBUG_INFO = INCLUDE_SOURCE;
				MTL_FAST_MATH = YES;
				ONLY_ACTIVE_ARCH = YES;
				RUN_CLANG_STATIC_ANALYZER = YES;
				SWIFT_ACTIVE_COMPILATION_CONDITIONS = "DEBUG $(inherited)";
				SWIFT_OPTIMIZATION_LEVEL = "-Onone";
				SWIFT_VERSION = 6.0;
			};
			name = Debug;
		};
		A855F36D2CB3145A00A2B435 /* Release */ = {
			isa = XCBuildConfiguration;
			buildSettings = {
				ALWAYS_SEARCH_USER_PATHS = NO;
				ASSETCATALOG_COMPILER_GENERATE_SWIFT_ASSET_SYMBOL_EXTENSIONS = YES;
				CLANG_ANALYZER_NONNULL = YES;
				CLANG_ANALYZER_NUMBER_OBJECT_CONVERSION = YES_AGGRESSIVE;
				CLANG_CXX_LANGUAGE_STANDARD = "gnu++20";
				CLANG_ENABLE_MODULES = YES;
				CLANG_ENABLE_OBJC_ARC = YES;
				CLANG_ENABLE_OBJC_WEAK = YES;
				CLANG_WARN_BLOCK_CAPTURE_AUTORELEASING = YES;
				CLANG_WARN_BOOL_CONVERSION = YES;
				CLANG_WARN_COMMA = YES;
				CLANG_WARN_CONSTANT_CONVERSION = YES;
				CLANG_WARN_DEPRECATED_OBJC_IMPLEMENTATIONS = YES;
				CLANG_WARN_DIRECT_OBJC_ISA_USAGE = YES_ERROR;
				CLANG_WARN_DOCUMENTATION_COMMENTS = YES;
				CLANG_WARN_EMPTY_BODY = YES;
				CLANG_WARN_ENUM_CONVERSION = YES;
				CLANG_WARN_INFINITE_RECURSION = YES;
				CLANG_WARN_INT_CONVERSION = YES;
				CLANG_WARN_NON_LITERAL_NULL_CONVERSION = YES;
				CLANG_WARN_OBJC_IMPLICIT_RETAIN_SELF = YES;
				CLANG_WARN_OBJC_LITERAL_CONVERSION = YES;
				CLANG_WARN_OBJC_ROOT_CLASS = YES_ERROR;
				CLANG_WARN_QUOTED_INCLUDE_IN_FRAMEWORK_HEADER = YES;
				CLANG_WARN_RANGE_LOOP_ANALYSIS = YES;
				CLANG_WARN_STRICT_PROTOTYPES = YES;
				CLANG_WARN_SUSPICIOUS_MOVE = YES;
				CLANG_WARN_UNGUARDED_AVAILABILITY = YES_AGGRESSIVE;
				CLANG_WARN_UNREACHABLE_CODE = YES;
				CLANG_WARN__DUPLICATE_METHOD_MATCH = YES;
				COPY_PHASE_STRIP = NO;
				DEBUG_INFORMATION_FORMAT = "dwarf-with-dsym";
				ENABLE_NS_ASSERTIONS = NO;
				ENABLE_STRICT_OBJC_MSGSEND = YES;
				ENABLE_USER_SCRIPT_SANDBOXING = YES;
				GCC_C_LANGUAGE_STANDARD = gnu17;
				GCC_NO_COMMON_BLOCKS = YES;
				GCC_WARN_64_TO_32_BIT_CONVERSION = YES;
				GCC_WARN_ABOUT_RETURN_TYPE = YES_ERROR;
				GCC_WARN_UNDECLARED_SELECTOR = YES;
				GCC_WARN_UNINITIALIZED_AUTOS = YES_AGGRESSIVE;
				GCC_WARN_UNUSED_FUNCTION = YES;
				GCC_WARN_UNUSED_VARIABLE = YES;
				LOCALIZATION_PREFERS_STRING_CATALOGS = YES;
				MTL_ENABLE_DEBUG_INFO = NO;
				MTL_FAST_MATH = YES;
				RUN_CLANG_STATIC_ANALYZER = YES;
				SWIFT_COMPILATION_MODE = wholemodule;
				SWIFT_VERSION = 6.0;
			};
			name = Release;
		};
		A855F36F2CB3145A00A2B435 /* Debug */ = {
			isa = XCBuildConfiguration;
			buildSettings = {
				ASSETCATALOG_COMPILER_APPICON_NAME = AppIcon;
				ASSETCATALOG_COMPILER_GLOBAL_ACCENT_COLOR_NAME = AccentColor;
				CODE_SIGN_ENTITLEMENTS = SwiftUIDownloader/SwiftUIDownloader.entitlements;
				CODE_SIGN_STYLE = Automatic;
				CURRENT_PROJECT_VERSION = 1;
				DEVELOPMENT_ASSET_PATHS = "\"SwiftUIDownloader/Preview Content\"";
				DEVELOPMENT_TEAM = LA5247PXS2;
				ENABLE_HARDENED_RUNTIME = YES;
				ENABLE_PREVIEWS = YES;
				GENERATE_INFOPLIST_FILE = YES;
				INFOPLIST_FILE = SwiftUIDownloader/Info.plist;
				"INFOPLIST_KEY_UIApplicationSceneManifest_Generation[sdk=iphoneos*]" = YES;
				"INFOPLIST_KEY_UIApplicationSceneManifest_Generation[sdk=iphonesimulator*]" = YES;
				"INFOPLIST_KEY_UIApplicationSupportsIndirectInputEvents[sdk=iphoneos*]" = YES;
				"INFOPLIST_KEY_UIApplicationSupportsIndirectInputEvents[sdk=iphonesimulator*]" = YES;
				"INFOPLIST_KEY_UILaunchScreen_Generation[sdk=iphoneos*]" = YES;
				"INFOPLIST_KEY_UILaunchScreen_Generation[sdk=iphonesimulator*]" = YES;
				"INFOPLIST_KEY_UIStatusBarStyle[sdk=iphoneos*]" = UIStatusBarStyleDefault;
				"INFOPLIST_KEY_UIStatusBarStyle[sdk=iphonesimulator*]" = UIStatusBarStyleDefault;
				INFOPLIST_KEY_UISupportedInterfaceOrientations_iPad = "UIInterfaceOrientationPortrait UIInterfaceOrientationPortraitUpsideDown UIInterfaceOrientationLandscapeLeft UIInterfaceOrientationLandscapeRight";
				INFOPLIST_KEY_UISupportedInterfaceOrientations_iPhone = "UIInterfaceOrientationPortrait UIInterfaceOrientationLandscapeLeft UIInterfaceOrientationLandscapeRight";
				IPHONEOS_DEPLOYMENT_TARGET = 16.0;
				LD_RUNPATH_SEARCH_PATHS = "@executable_path/Frameworks";
				"LD_RUNPATH_SEARCH_PATHS[sdk=macosx*]" = "@executable_path/../Frameworks";
				MACOSX_DEPLOYMENT_TARGET = 13.0;
				MARKETING_VERSION = 1.0;
				PRODUCT_BUNDLE_IDENTIFIER = me.curia.SwiftUIDownloader;
				PRODUCT_NAME = "$(TARGET_NAME)";
				SDKROOT = auto;
				SUPPORTED_PLATFORMS = "iphoneos iphonesimulator macosx xros xrsimulator";
				SWIFT_EMIT_LOC_STRINGS = YES;
				SWIFT_VERSION = 5.0;
				TARGETED_DEVICE_FAMILY = "1,2,7";
				XROS_DEPLOYMENT_TARGET = 1.0;
			};
			name = Debug;
		};
		A855F3702CB3145A00A2B435 /* Release */ = {
			isa = XCBuildConfiguration;
			buildSettings = {
				ASSETCATALOG_COMPILER_APPICON_NAME = AppIcon;
				ASSETCATALOG_COMPILER_GLOBAL_ACCENT_COLOR_NAME = AccentColor;
				CODE_SIGN_ENTITLEMENTS = SwiftUIDownloader/SwiftUIDownloader.entitlements;
				CODE_SIGN_STYLE = Automatic;
				CURRENT_PROJECT_VERSION = 1;
				DEVELOPMENT_ASSET_PATHS = "\"SwiftUIDownloader/Preview Content\"";
				DEVELOPMENT_TEAM = LA5247PXS2;
				ENABLE_HARDENED_RUNTIME = YES;
				ENABLE_PREVIEWS = YES;
				GENERATE_INFOPLIST_FILE = YES;
				INFOPLIST_FILE = SwiftUIDownloader/Info.plist;
				"INFOPLIST_KEY_UIApplicationSceneManifest_Generation[sdk=iphoneos*]" = YES;
				"INFOPLIST_KEY_UIApplicationSceneManifest_Generation[sdk=iphonesimulator*]" = YES;
				"INFOPLIST_KEY_UIApplicationSupportsIndirectInputEvents[sdk=iphoneos*]" = YES;
				"INFOPLIST_KEY_UIApplicationSupportsIndirectInputEvents[sdk=iphonesimulator*]" = YES;
				"INFOPLIST_KEY_UILaunchScreen_Generation[sdk=iphoneos*]" = YES;
				"INFOPLIST_KEY_UILaunchScreen_Generation[sdk=iphonesimulator*]" = YES;
				"INFOPLIST_KEY_UIStatusBarStyle[sdk=iphoneos*]" = UIStatusBarStyleDefault;
				"INFOPLIST_KEY_UIStatusBarStyle[sdk=iphonesimulator*]" = UIStatusBarStyleDefault;
				INFOPLIST_KEY_UISupportedInterfaceOrientations_iPad = "UIInterfaceOrientationPortrait UIInterfaceOrientationPortraitUpsideDown UIInterfaceOrientationLandscapeLeft UIInterfaceOrientationLandscapeRight";
				INFOPLIST_KEY_UISupportedInterfaceOrientations_iPhone = "UIInterfaceOrientationPortrait UIInterfaceOrientationLandscapeLeft UIInterfaceOrientationLandscapeRight";
				IPHONEOS_DEPLOYMENT_TARGET = 16.0;
				LD_RUNPATH_SEARCH_PATHS = "@executable_path/Frameworks";
				"LD_RUNPATH_SEARCH_PATHS[sdk=macosx*]" = "@executable_path/../Frameworks";
				MACOSX_DEPLOYMENT_TARGET = 13.0;
				MARKETING_VERSION = 1.0;
				PRODUCT_BUNDLE_IDENTIFIER = me.curia.SwiftUIDownloader;
				PRODUCT_NAME = "$(TARGET_NAME)";
				SDKROOT = auto;
				SUPPORTED_PLATFORMS = "iphoneos iphonesimulator macosx xros xrsimulator";
				SWIFT_EMIT_LOC_STRINGS = YES;
				SWIFT_VERSION = 5.0;
				TARGETED_DEVICE_FAMILY = "1,2,7";
				XROS_DEPLOYMENT_TARGET = 1.0;
			};
			name = Release;
		};
		A855F3722CB3145A00A2B435 /* Debug */ = {
			isa = XCBuildConfiguration;
			buildSettings = {
				BUNDLE_LOADER = "$(TEST_HOST)";
				CODE_SIGN_STYLE = Automatic;
				CURRENT_PROJECT_VERSION = 1;
				DEVELOPMENT_TEAM = LA5247PXS2;
				GENERATE_INFOPLIST_FILE = YES;
				IPHONEOS_DEPLOYMENT_TARGET = 18.0;
				MACOSX_DEPLOYMENT_TARGET = 15.0;
				MARKETING_VERSION = 1.0;
				PRODUCT_BUNDLE_IDENTIFIER = me.curia.SwiftUIDownloaderTests;
				PRODUCT_NAME = "$(TARGET_NAME)";
				SDKROOT = auto;
				SUPPORTED_PLATFORMS = "iphoneos iphonesimulator macosx xros xrsimulator";
				SWIFT_EMIT_LOC_STRINGS = NO;
				SWIFT_VERSION = 5.0;
				TARGETED_DEVICE_FAMILY = "1,2,7";
				TEST_HOST = "$(BUILT_PRODUCTS_DIR)/SwiftUIDownloader.app/$(BUNDLE_EXECUTABLE_FOLDER_PATH)/SwiftUIDownloader";
				XROS_DEPLOYMENT_TARGET = 2.0;
			};
			name = Debug;
		};
		A855F3732CB3145A00A2B435 /* Release */ = {
			isa = XCBuildConfiguration;
			buildSettings = {
				BUNDLE_LOADER = "$(TEST_HOST)";
				CODE_SIGN_STYLE = Automatic;
				CURRENT_PROJECT_VERSION = 1;
				DEVELOPMENT_TEAM = LA5247PXS2;
				GENERATE_INFOPLIST_FILE = YES;
				IPHONEOS_DEPLOYMENT_TARGET = 18.0;
				MACOSX_DEPLOYMENT_TARGET = 15.0;
				MARKETING_VERSION = 1.0;
				PRODUCT_BUNDLE_IDENTIFIER = me.curia.SwiftUIDownloaderTests;
				PRODUCT_NAME = "$(TARGET_NAME)";
				SDKROOT = auto;
				SUPPORTED_PLATFORMS = "iphoneos iphonesimulator macosx xros xrsimulator";
				SWIFT_EMIT_LOC_STRINGS = NO;
				SWIFT_VERSION = 5.0;
				TARGETED_DEVICE_FAMILY = "1,2,7";
				TEST_HOST = "$(BUILT_PRODUCTS_DIR)/SwiftUIDownloader.app/$(BUNDLE_EXECUTABLE_FOLDER_PATH)/SwiftUIDownloader";
				XROS_DEPLOYMENT_TARGET = 2.0;
			};
			name = Release;
		};
		A855F3752CB3145A00A2B435 /* Debug */ = {
			isa = XCBuildConfiguration;
			buildSettings = {
				CODE_SIGN_STYLE = Automatic;
				CURRENT_PROJECT_VERSION = 1;
				DEVELOPMENT_TEAM = LA5247PXS2;
				GENERATE_INFOPLIST_FILE = YES;
				IPHONEOS_DEPLOYMENT_TARGET = 18.0;
				MACOSX_DEPLOYMENT_TARGET = 15.0;
				MARKETING_VERSION = 1.0;
				PRODUCT_BUNDLE_IDENTIFIER = me.curia.SwiftUIDownloaderUITests;
				PRODUCT_NAME = "$(TARGET_NAME)";
				SDKROOT = auto;
				SUPPORTED_PLATFORMS = "iphoneos iphonesimulator macosx xros xrsimulator";
				SWIFT_EMIT_LOC_STRINGS = NO;
				SWIFT_VERSION = 5.0;
				TARGETED_DEVICE_FAMILY = "1,2,7";
				TEST_TARGET_NAME = SwiftUIDownloader;
				XROS_DEPLOYMENT_TARGET = 2.0;
			};
			name = Debug;
		};
		A855F3762CB3145A00A2B435 /* Release */ = {
			isa = XCBuildConfiguration;
			buildSettings = {
				CODE_SIGN_STYLE = Automatic;
				CURRENT_PROJECT_VERSION = 1;
				DEVELOPMENT_TEAM = LA5247PXS2;
				GENERATE_INFOPLIST_FILE = YES;
				IPHONEOS_DEPLOYMENT_TARGET = 18.0;
				MACOSX_DEPLOYMENT_TARGET = 15.0;
				MARKETING_VERSION = 1.0;
				PRODUCT_BUNDLE_IDENTIFIER = me.curia.SwiftUIDownloaderUITests;
				PRODUCT_NAME = "$(TARGET_NAME)";
				SDKROOT = auto;
				SUPPORTED_PLATFORMS = "iphoneos iphonesimulator macosx xros xrsimulator";
				SWIFT_EMIT_LOC_STRINGS = NO;
				SWIFT_VERSION = 5.0;
				TARGETED_DEVICE_FAMILY = "1,2,7";
				TEST_TARGET_NAME = SwiftUIDownloader;
				XROS_DEPLOYMENT_TARGET = 2.0;
			};
			name = Release;
		};
/* End XCBuildConfiguration section */

/* Begin XCConfigurationList section */
		A855F3442CB3145900A2B435 /* Build configuration list for PBXProject "SwiftUIDownloader" */ = {
			isa = XCConfigurationList;
			buildConfigurations = (
				A855F36C2CB3145A00A2B435 /* Debug */,
				A855F36D2CB3145A00A2B435 /* Release */,
			);
			defaultConfigurationIsVisible = 0;
			defaultConfigurationName = Release;
		};
		A855F36E2CB3145A00A2B435 /* Build configuration list for PBXNativeTarget "SwiftUIDownloader" */ = {
			isa = XCConfigurationList;
			buildConfigurations = (
				A855F36F2CB3145A00A2B435 /* Debug */,
				A855F3702CB3145A00A2B435 /* Release */,
			);
			defaultConfigurationIsVisible = 0;
			defaultConfigurationName = Release;
		};
		A855F3712CB3145A00A2B435 /* Build configuration list for PBXNativeTarget "SwiftUIDownloaderTests" */ = {
			isa = XCConfigurationList;
			buildConfigurations = (
				A855F3722CB3145A00A2B435 /* Debug */,
				A855F3732CB3145A00A2B435 /* Release */,
			);
			defaultConfigurationIsVisible = 0;
			defaultConfigurationName = Release;
		};
		A855F3742CB3145A00A2B435 /* Build configuration list for PBXNativeTarget "SwiftUIDownloaderUITests" */ = {
			isa = XCConfigurationList;
			buildConfigurations = (
				A855F3752CB3145A00A2B435 /* Debug */,
				A855F3762CB3145A00A2B435 /* Release */,
			);
			defaultConfigurationIsVisible = 0;
			defaultConfigurationName = Release;
		};
/* End XCConfigurationList section */

/* Begin XCRemoteSwiftPackageReference section */
		A855F3772CB31A8800A2B435 /* XCRemoteSwiftPackageReference "SwiftLint" */ = {
			isa = XCRemoteSwiftPackageReference;
			repositoryURL = "https://github.com/realm/SwiftLint";
			requirement = {
				kind = upToNextMajorVersion;
				minimumVersion = 0.57.0;
			};
		};
/* End XCRemoteSwiftPackageReference section */

/* Begin XCSwiftPackageProductDependency section */
		A855F3882CB31B4500A2B435 /* SwiftLintBuildToolPlugin */ = {
			isa = XCSwiftPackageProductDependency;
			package = A855F3772CB31A8800A2B435 /* XCRemoteSwiftPackageReference "SwiftLint" */;
			productName = "plugin:SwiftLintBuildToolPlugin";
		};
/* End XCSwiftPackageProductDependency section */
	};
	rootObject = A855F3412CB3145900A2B435 /* Project object */;
}
